
Microsoft Visual Studio Solution File, Format Version 12.00
# Visual Studio 15
VisualStudioVersion = 15.0.28307.572
MinimumVisualStudioVersion = 10.0.40219.1
Project("{FAE04EC0-301F-11D3-BF4B-00C04F79EFBC}") = "WpfApp1", "WpfApp1\WpfApp1.csproj", "{4A65C96F-A13E-4CA2-889E-5D241E7285D5}"
EndProject
Project("{2150E333-8FDC-42A3-9474-1A3956D46DE8}") = "GMap.NET", "GMap.NET", "{91226E3D-C638-49F1-A465-46FB6C164931}"
EndProject
Project("{FAE04EC0-301F-11D3-BF4B-00C04F79EFBC}") = "GMap.NET.Core", "GMap.NET.Core\GMap.NET.Core.csproj", "{D0C39D9D-BED0-418B-9A5E-713176CAF40C}"
EndProject
Project("{FAE04EC0-301F-11D3-BF4B-00C04F79EFBC}") = "GMap.NET.WindowsPresentation", "GMap.NET.WindowsPresentation\GMap.NET.WindowsPresentation.csproj", "{644FE7D4-0184-400F-B2D7-99CB41360658}"
EndProject
Project("{FAE04EC0-301F-11D3-BF4B-00C04F79EFBC}") = "GMap.NET.WindowsForms", "GMap.NET.WindowsForms\GMap.NET.WindowsForms.csproj", "{E06DEF77-F933-42FB-AFD7-DB2D0D8D6A98}"
EndProject
Project("{FAE04EC0-301F-11D3-BF4B-00C04F79EFBC}") = "ProViewer4.Models", "ProViewer4.Models\ProViewer4.Models.csproj", "{D7C3DA6D-2A98-48A9-9188-0F03A7173925}"
EndProject
Project("{FAE04EC0-301F-11D3-BF4B-00C04F79EFBC}") = "ProViewer4", "ProViewer4\ProViewer4.csproj", "{A7FD4079-83AF-4E9F-9C81-DA3376A7A888}"
EndProject
Project("{FAE04EC0-301F-11D3-BF4B-00C04F79EFBC}") = "ROV.Serial", "ROV.Serial\ROV.Serial.csproj", "{DB75EC97-70A8-45A2-A74F-906194AF0B4B}"
EndProject
Project("{FAE04EC0-301F-11D3-BF4B-00C04F79EFBC}") = "SARService", "SARService\SARService.csproj", "{84D9C9D8-EF19-45D9-B114-58770829785B}"
EndProject
Project("{FAE04EC0-301F-11D3-BF4B-00C04F79EFBC}") = "AppContainers", "AppContainer\AppContainers.csproj", "{E267628F-FFF2-4547-AAEC-BDA6A0A85016}"
EndProject
Project("{FAE04EC0-301F-11D3-BF4B-00C04F79EFBC}") = "AirspaceFixer", "AirspaceFixer\AirspaceFixer.csproj", "{9B83BCF9-6835-490D-91BE-2334BC1A548C}"
EndProject
Project("{54435603-DBB4-11D2-8724-00A0C9A8B90C}") = "SYSDIVESARSetup", "SYSDIVESARSetup\SYSDIVESARSetup.vdproj", "{FE16496B-E16E-42DC-9044-D216BB9A1D6D}"
EndProject
Project("{FAE04EC0-301F-11D3-BF4B-00C04F79EFBC}") = "Xsens_Device_API", "XDA\Xsens_Device_API.csproj", "{F9593854-6AA8-4321-8F8B-E5A749851E05}"
EndProject
Global
	GlobalSection(SolutionConfigurationPlatforms) = preSolution
		Debug|Any CPU = Debug|Any CPU
		Debug|x64 = Debug|x64
		Debug|x86 = Debug|x86
		Release|Any CPU = Release|Any CPU
		Release|x64 = Release|x64
		Release|x86 = Release|x86
		v4.0-Debug|Any CPU = v4.0-Debug|Any CPU
		v4.0-Debug|x64 = v4.0-Debug|x64
		v4.0-Debug|x86 = v4.0-Debug|x86
		v4.0-Release|Any CPU = v4.0-Release|Any CPU
		v4.0-Release|x64 = v4.0-Release|x64
		v4.0-Release|x86 = v4.0-Release|x86
	EndGlobalSection
	GlobalSection(ProjectConfigurationPlatforms) = postSolution
		{4A65C96F-A13E-4CA2-889E-5D241E7285D5}.Debug|Any CPU.ActiveCfg = Debug|Any CPU
		{4A65C96F-A13E-4CA2-889E-5D241E7285D5}.Debug|Any CPU.Build.0 = Debug|Any CPU
		{4A65C96F-A13E-4CA2-889E-5D241E7285D5}.Debug|x64.ActiveCfg = Debug|Any CPU
		{4A65C96F-A13E-4CA2-889E-5D241E7285D5}.Debug|x64.Build.0 = Debug|Any CPU
		{4A65C96F-A13E-4CA2-889E-5D241E7285D5}.Debug|x86.ActiveCfg = Debug|Any CPU
		{4A65C96F-A13E-4CA2-889E-5D241E7285D5}.Debug|x86.Build.0 = Debug|Any CPU
		{4A65C96F-A13E-4CA2-889E-5D241E7285D5}.Release|Any CPU.ActiveCfg = Release|Any CPU
		{4A65C96F-A13E-4CA2-889E-5D241E7285D5}.Release|Any CPU.Build.0 = Release|Any CPU
		{4A65C96F-A13E-4CA2-889E-5D241E7285D5}.Release|x64.ActiveCfg = Release|Any CPU
		{4A65C96F-A13E-4CA2-889E-5D241E7285D5}.Release|x64.Build.0 = Release|Any CPU
		{4A65C96F-A13E-4CA2-889E-5D241E7285D5}.Release|x86.ActiveCfg = Release|Any CPU
		{4A65C96F-A13E-4CA2-889E-5D241E7285D5}.Release|x86.Build.0 = Release|Any CPU
		{4A65C96F-A13E-4CA2-889E-5D241E7285D5}.v4.0-Debug|Any CPU.ActiveCfg = Debug|Any CPU
		{4A65C96F-A13E-4CA2-889E-5D241E7285D5}.v4.0-Debug|Any CPU.Build.0 = Debug|Any CPU
		{4A65C96F-A13E-4CA2-889E-5D241E7285D5}.v4.0-Debug|x64.ActiveCfg = Debug|Any CPU
		{4A65C96F-A13E-4CA2-889E-5D241E7285D5}.v4.0-Debug|x64.Build.0 = Debug|Any CPU
		{4A65C96F-A13E-4CA2-889E-5D241E7285D5}.v4.0-Debug|x86.ActiveCfg = Debug|Any CPU
		{4A65C96F-A13E-4CA2-889E-5D241E7285D5}.v4.0-Debug|x86.Build.0 = Debug|Any CPU
		{4A65C96F-A13E-4CA2-889E-5D241E7285D5}.v4.0-Release|Any CPU.ActiveCfg = Release|Any CPU
		{4A65C96F-A13E-4CA2-889E-5D241E7285D5}.v4.0-Release|Any CPU.Build.0 = Release|Any CPU
		{4A65C96F-A13E-4CA2-889E-5D241E7285D5}.v4.0-Release|x64.ActiveCfg = Release|Any CPU
		{4A65C96F-A13E-4CA2-889E-5D241E7285D5}.v4.0-Release|x64.Build.0 = Release|Any CPU
		{4A65C96F-A13E-4CA2-889E-5D241E7285D5}.v4.0-Release|x86.ActiveCfg = Release|Any CPU
		{4A65C96F-A13E-4CA2-889E-5D241E7285D5}.v4.0-Release|x86.Build.0 = Release|Any CPU
		{D0C39D9D-BED0-418B-9A5E-713176CAF40C}.Debug|Any CPU.ActiveCfg = Debug|Any CPU
		{D0C39D9D-BED0-418B-9A5E-713176CAF40C}.Debug|Any CPU.Build.0 = Debug|Any CPU
		{D0C39D9D-BED0-418B-9A5E-713176CAF40C}.Debug|x64.ActiveCfg = Debug|Any CPU
		{D0C39D9D-BED0-418B-9A5E-713176CAF40C}.Debug|x64.Build.0 = Debug|Any CPU
		{D0C39D9D-BED0-418B-9A5E-713176CAF40C}.Debug|x86.ActiveCfg = Debug|Any CPU
		{D0C39D9D-BED0-418B-9A5E-713176CAF40C}.Debug|x86.Build.0 = Debug|Any CPU
		{D0C39D9D-BED0-418B-9A5E-713176CAF40C}.Release|Any CPU.ActiveCfg = Release|Any CPU
		{D0C39D9D-BED0-418B-9A5E-713176CAF40C}.Release|Any CPU.Build.0 = Release|Any CPU
		{D0C39D9D-BED0-418B-9A5E-713176CAF40C}.Release|x64.ActiveCfg = Release|Any CPU
		{D0C39D9D-BED0-418B-9A5E-713176CAF40C}.Release|x64.Build.0 = Release|Any CPU
		{D0C39D9D-BED0-418B-9A5E-713176CAF40C}.Release|x86.ActiveCfg = Release|Any CPU
		{D0C39D9D-BED0-418B-9A5E-713176CAF40C}.Release|x86.Build.0 = Release|Any CPU
		{D0C39D9D-BED0-418B-9A5E-713176CAF40C}.v4.0-Debug|Any CPU.ActiveCfg = v4.0-Debug|Any CPU
		{D0C39D9D-BED0-418B-9A5E-713176CAF40C}.v4.0-Debug|Any CPU.Build.0 = v4.0-Debug|Any CPU
		{D0C39D9D-BED0-418B-9A5E-713176CAF40C}.v4.0-Debug|x64.ActiveCfg = v4.0-Debug|Any CPU
		{D0C39D9D-BED0-418B-9A5E-713176CAF40C}.v4.0-Debug|x64.Build.0 = v4.0-Debug|Any CPU
		{D0C39D9D-BED0-418B-9A5E-713176CAF40C}.v4.0-Debug|x86.ActiveCfg = v4.0-Debug|Any CPU
		{D0C39D9D-BED0-418B-9A5E-713176CAF40C}.v4.0-Debug|x86.Build.0 = v4.0-Debug|Any CPU
		{D0C39D9D-BED0-418B-9A5E-713176CAF40C}.v4.0-Release|Any CPU.ActiveCfg = v4.0-Release|Any CPU
		{D0C39D9D-BED0-418B-9A5E-713176CAF40C}.v4.0-Release|Any CPU.Build.0 = v4.0-Release|Any CPU
		{D0C39D9D-BED0-418B-9A5E-713176CAF40C}.v4.0-Release|x64.ActiveCfg = v4.0-Release|Any CPU
		{D0C39D9D-BED0-418B-9A5E-713176CAF40C}.v4.0-Release|x64.Build.0 = v4.0-Release|Any CPU
		{D0C39D9D-BED0-418B-9A5E-713176CAF40C}.v4.0-Release|x86.ActiveCfg = v4.0-Release|Any CPU
		{D0C39D9D-BED0-418B-9A5E-713176CAF40C}.v4.0-Release|x86.Build.0 = v4.0-Release|Any CPU
		{644FE7D4-0184-400F-B2D7-99CB41360658}.Debug|Any CPU.ActiveCfg = Debug|Any CPU
		{644FE7D4-0184-400F-B2D7-99CB41360658}.Debug|Any CPU.Build.0 = Debug|Any CPU
		{644FE7D4-0184-400F-B2D7-99CB41360658}.Debug|x64.ActiveCfg = Debug|Any CPU
		{644FE7D4-0184-400F-B2D7-99CB41360658}.Debug|x64.Build.0 = Debug|Any CPU
		{644FE7D4-0184-400F-B2D7-99CB41360658}.Debug|x86.ActiveCfg = Debug|Any CPU
		{644FE7D4-0184-400F-B2D7-99CB41360658}.Debug|x86.Build.0 = Debug|Any CPU
		{644FE7D4-0184-400F-B2D7-99CB41360658}.Release|Any CPU.ActiveCfg = Release|Any CPU
		{644FE7D4-0184-400F-B2D7-99CB41360658}.Release|Any CPU.Build.0 = Release|Any CPU
		{644FE7D4-0184-400F-B2D7-99CB41360658}.Release|x64.ActiveCfg = Release|Any CPU
		{644FE7D4-0184-400F-B2D7-99CB41360658}.Release|x64.Build.0 = Release|Any CPU
		{644FE7D4-0184-400F-B2D7-99CB41360658}.Release|x86.ActiveCfg = Release|Any CPU
		{644FE7D4-0184-400F-B2D7-99CB41360658}.Release|x86.Build.0 = Release|Any CPU
		{644FE7D4-0184-400F-B2D7-99CB41360658}.v4.0-Debug|Any CPU.ActiveCfg = v4.0-Debug|Any CPU
		{644FE7D4-0184-400F-B2D7-99CB41360658}.v4.0-Debug|Any CPU.Build.0 = v4.0-Debug|Any CPU
		{644FE7D4-0184-400F-B2D7-99CB41360658}.v4.0-Debug|x64.ActiveCfg = v4.0-Debug|Any CPU
		{644FE7D4-0184-400F-B2D7-99CB41360658}.v4.0-Debug|x64.Build.0 = v4.0-Debug|Any CPU
		{644FE7D4-0184-400F-B2D7-99CB41360658}.v4.0-Debug|x86.ActiveCfg = v4.0-Debug|Any CPU
		{644FE7D4-0184-400F-B2D7-99CB41360658}.v4.0-Debug|x86.Build.0 = v4.0-Debug|Any CPU
		{644FE7D4-0184-400F-B2D7-99CB41360658}.v4.0-Release|Any CPU.ActiveCfg = v4.0-Release|Any CPU
		{644FE7D4-0184-400F-B2D7-99CB41360658}.v4.0-Release|Any CPU.Build.0 = v4.0-Release|Any CPU
		{644FE7D4-0184-400F-B2D7-99CB41360658}.v4.0-Release|x64.ActiveCfg = v4.0-Release|Any CPU
		{644FE7D4-0184-400F-B2D7-99CB41360658}.v4.0-Release|x64.Build.0 = v4.0-Release|Any CPU
		{644FE7D4-0184-400F-B2D7-99CB41360658}.v4.0-Release|x86.ActiveCfg = v4.0-Release|Any CPU
		{644FE7D4-0184-400F-B2D7-99CB41360658}.v4.0-Release|x86.Build.0 = v4.0-Release|Any CPU
		{E06DEF77-F933-42FB-AFD7-DB2D0D8D6A98}.Debug|Any CPU.ActiveCfg = Debug|Any CPU
		{E06DEF77-F933-42FB-AFD7-DB2D0D8D6A98}.Debug|Any CPU.Build.0 = Debug|Any CPU
		{E06DEF77-F933-42FB-AFD7-DB2D0D8D6A98}.Debug|x64.ActiveCfg = Debug|Any CPU
		{E06DEF77-F933-42FB-AFD7-DB2D0D8D6A98}.Debug|x64.Build.0 = Debug|Any CPU
		{E06DEF77-F933-42FB-AFD7-DB2D0D8D6A98}.Debug|x86.ActiveCfg = Debug|Any CPU
		{E06DEF77-F933-42FB-AFD7-DB2D0D8D6A98}.Debug|x86.Build.0 = Debug|Any CPU
		{E06DEF77-F933-42FB-AFD7-DB2D0D8D6A98}.Release|Any CPU.ActiveCfg = Release|Any CPU
		{E06DEF77-F933-42FB-AFD7-DB2D0D8D6A98}.Release|Any CPU.Build.0 = Release|Any CPU
		{E06DEF77-F933-42FB-AFD7-DB2D0D8D6A98}.Release|x64.ActiveCfg = Release|Any CPU
		{E06DEF77-F933-42FB-AFD7-DB2D0D8D6A98}.Release|x64.Build.0 = Release|Any CPU
		{E06DEF77-F933-42FB-AFD7-DB2D0D8D6A98}.Release|x86.ActiveCfg = Release|Any CPU
		{E06DEF77-F933-42FB-AFD7-DB2D0D8D6A98}.Release|x86.Build.0 = Release|Any CPU
		{E06DEF77-F933-42FB-AFD7-DB2D0D8D6A98}.v4.0-Debug|Any CPU.ActiveCfg = v4.0-Debug|Any CPU
		{E06DEF77-F933-42FB-AFD7-DB2D0D8D6A98}.v4.0-Debug|Any CPU.Build.0 = v4.0-Debug|Any CPU
		{E06DEF77-F933-42FB-AFD7-DB2D0D8D6A98}.v4.0-Debug|x64.ActiveCfg = v4.0-Debug|Any CPU
		{E06DEF77-F933-42FB-AFD7-DB2D0D8D6A98}.v4.0-Debug|x64.Build.0 = v4.0-Debug|Any CPU
		{E06DEF77-F933-42FB-AFD7-DB2D0D8D6A98}.v4.0-Debug|x86.ActiveCfg = v4.0-Debug|Any CPU
		{E06DEF77-F933-42FB-AFD7-DB2D0D8D6A98}.v4.0-Debug|x86.Build.0 = v4.0-Debug|Any CPU
		{E06DEF77-F933-42FB-AFD7-DB2D0D8D6A98}.v4.0-Release|Any CPU.ActiveCfg = v4.0-Release|Any CPU
		{E06DEF77-F933-42FB-AFD7-DB2D0D8D6A98}.v4.0-Release|Any CPU.Build.0 = v4.0-Release|Any CPU
		{E06DEF77-F933-42FB-AFD7-DB2D0D8D6A98}.v4.0-Release|x64.ActiveCfg = v4.0-Release|Any CPU
		{E06DEF77-F933-42FB-AFD7-DB2D0D8D6A98}.v4.0-Release|x64.Build.0 = v4.0-Release|Any CPU
		{E06DEF77-F933-42FB-AFD7-DB2D0D8D6A98}.v4.0-Release|x86.ActiveCfg = v4.0-Release|Any CPU
		{E06DEF77-F933-42FB-AFD7-DB2D0D8D6A98}.v4.0-Release|x86.Build.0 = v4.0-Release|Any CPU
		{D7C3DA6D-2A98-48A9-9188-0F03A7173925}.Debug|Any CPU.ActiveCfg = Debug|Any CPU
		{D7C3DA6D-2A98-48A9-9188-0F03A7173925}.Debug|Any CPU.Build.0 = Debug|Any CPU
		{D7C3DA6D-2A98-48A9-9188-0F03A7173925}.Debug|x64.ActiveCfg = Debug|Any CPU
		{D7C3DA6D-2A98-48A9-9188-0F03A7173925}.Debug|x64.Build.0 = Debug|Any CPU
		{D7C3DA6D-2A98-48A9-9188-0F03A7173925}.Debug|x86.ActiveCfg = Debug|Any CPU
		{D7C3DA6D-2A98-48A9-9188-0F03A7173925}.Debug|x86.Build.0 = Debug|Any CPU
		{D7C3DA6D-2A98-48A9-9188-0F03A7173925}.Release|Any CPU.ActiveCfg = Release|Any CPU
		{D7C3DA6D-2A98-48A9-9188-0F03A7173925}.Release|Any CPU.Build.0 = Release|Any CPU
		{D7C3DA6D-2A98-48A9-9188-0F03A7173925}.Release|x64.ActiveCfg = Release|Any CPU
		{D7C3DA6D-2A98-48A9-9188-0F03A7173925}.Release|x64.Build.0 = Release|Any CPU
		{D7C3DA6D-2A98-48A9-9188-0F03A7173925}.Release|x86.ActiveCfg = Release|Any CPU
		{D7C3DA6D-2A98-48A9-9188-0F03A7173925}.Release|x86.Build.0 = Release|Any CPU
		{D7C3DA6D-2A98-48A9-9188-0F03A7173925}.v4.0-Debug|Any CPU.ActiveCfg = Debug|Any CPU
		{D7C3DA6D-2A98-48A9-9188-0F03A7173925}.v4.0-Debug|Any CPU.Build.0 = Debug|Any CPU
		{D7C3DA6D-2A98-48A9-9188-0F03A7173925}.v4.0-Debug|x64.ActiveCfg = Debug|Any CPU
		{D7C3DA6D-2A98-48A9-9188-0F03A7173925}.v4.0-Debug|x64.Build.0 = Debug|Any CPU
		{D7C3DA6D-2A98-48A9-9188-0F03A7173925}.v4.0-Debug|x86.ActiveCfg = Debug|Any CPU
		{D7C3DA6D-2A98-48A9-9188-0F03A7173925}.v4.0-Debug|x86.Build.0 = Debug|Any CPU
		{D7C3DA6D-2A98-48A9-9188-0F03A7173925}.v4.0-Release|Any CPU.ActiveCfg = Release|Any CPU
		{D7C3DA6D-2A98-48A9-9188-0F03A7173925}.v4.0-Release|Any CPU.Build.0 = Release|Any CPU
		{D7C3DA6D-2A98-48A9-9188-0F03A7173925}.v4.0-Release|x64.ActiveCfg = Release|Any CPU
		{D7C3DA6D-2A98-48A9-9188-0F03A7173925}.v4.0-Release|x64.Build.0 = Release|Any CPU
		{D7C3DA6D-2A98-48A9-9188-0F03A7173925}.v4.0-Release|x86.ActiveCfg = Release|Any CPU
		{D7C3DA6D-2A98-48A9-9188-0F03A7173925}.v4.0-Release|x86.Build.0 = Release|Any CPU
		{A7FD4079-83AF-4E9F-9C81-DA3376A7A888}.Debug|Any CPU.ActiveCfg = Debug|Any CPU
		{A7FD4079-83AF-4E9F-9C81-DA3376A7A888}.Debug|Any CPU.Build.0 = Debug|Any CPU
		{A7FD4079-83AF-4E9F-9C81-DA3376A7A888}.Debug|x64.ActiveCfg = Debug|Any CPU
		{A7FD4079-83AF-4E9F-9C81-DA3376A7A888}.Debug|x64.Build.0 = Debug|Any CPU
		{A7FD4079-83AF-4E9F-9C81-DA3376A7A888}.Debug|x86.ActiveCfg = Debug|Any CPU
		{A7FD4079-83AF-4E9F-9C81-DA3376A7A888}.Debug|x86.Build.0 = Debug|Any CPU
		{A7FD4079-83AF-4E9F-9C81-DA3376A7A888}.Release|Any CPU.ActiveCfg = Release|Any CPU
		{A7FD4079-83AF-4E9F-9C81-DA3376A7A888}.Release|Any CPU.Build.0 = Release|Any CPU
		{A7FD4079-83AF-4E9F-9C81-DA3376A7A888}.Release|x64.ActiveCfg = Release|Any CPU
		{A7FD4079-83AF-4E9F-9C81-DA3376A7A888}.Release|x64.Build.0 = Release|Any CPU
		{A7FD4079-83AF-4E9F-9C81-DA3376A7A888}.Release|x86.ActiveCfg = Release|Any CPU
		{A7FD4079-83AF-4E9F-9C81-DA3376A7A888}.Release|x86.Build.0 = Release|Any CPU
		{A7FD4079-83AF-4E9F-9C81-DA3376A7A888}.v4.0-Debug|Any CPU.ActiveCfg = Debug|Any CPU
		{A7FD4079-83AF-4E9F-9C81-DA3376A7A888}.v4.0-Debug|Any CPU.Build.0 = Debug|Any CPU
		{A7FD4079-83AF-4E9F-9C81-DA3376A7A888}.v4.0-Debug|x64.ActiveCfg = Debug|Any CPU
		{A7FD4079-83AF-4E9F-9C81-DA3376A7A888}.v4.0-Debug|x64.Build.0 = Debug|Any CPU
		{A7FD4079-83AF-4E9F-9C81-DA3376A7A888}.v4.0-Debug|x86.ActiveCfg = Debug|Any CPU
		{A7FD4079-83AF-4E9F-9C81-DA3376A7A888}.v4.0-Debug|x86.Build.0 = Debug|Any CPU
		{A7FD4079-83AF-4E9F-9C81-DA3376A7A888}.v4.0-Release|Any CPU.ActiveCfg = Release|Any CPU
		{A7FD4079-83AF-4E9F-9C81-DA3376A7A888}.v4.0-Release|Any CPU.Build.0 = Release|Any CPU
		{A7FD4079-83AF-4E9F-9C81-DA3376A7A888}.v4.0-Release|x64.ActiveCfg = Release|Any CPU
		{A7FD4079-83AF-4E9F-9C81-DA3376A7A888}.v4.0-Release|x64.Build.0 = Release|Any CPU
		{A7FD4079-83AF-4E9F-9C81-DA3376A7A888}.v4.0-Release|x86.ActiveCfg = Release|Any CPU
		{A7FD4079-83AF-4E9F-9C81-DA3376A7A888}.v4.0-Release|x86.Build.0 = Release|Any CPU
		{DB75EC97-70A8-45A2-A74F-906194AF0B4B}.Debug|Any CPU.ActiveCfg = Debug|Any CPU
		{DB75EC97-70A8-45A2-A74F-906194AF0B4B}.Debug|Any CPU.Build.0 = Debug|Any CPU
		{DB75EC97-70A8-45A2-A74F-906194AF0B4B}.Debug|x64.ActiveCfg = Debug|Any CPU
		{DB75EC97-70A8-45A2-A74F-906194AF0B4B}.Debug|x64.Build.0 = Debug|Any CPU
		{DB75EC97-70A8-45A2-A74F-906194AF0B4B}.Debug|x86.ActiveCfg = Debug|Any CPU
		{DB75EC97-70A8-45A2-A74F-906194AF0B4B}.Debug|x86.Build.0 = Debug|Any CPU
		{DB75EC97-70A8-45A2-A74F-906194AF0B4B}.Release|Any CPU.ActiveCfg = Release|Any CPU
		{DB75EC97-70A8-45A2-A74F-906194AF0B4B}.Release|Any CPU.Build.0 = Release|Any CPU
		{DB75EC97-70A8-45A2-A74F-906194AF0B4B}.Release|x64.ActiveCfg = Release|Any CPU
		{DB75EC97-70A8-45A2-A74F-906194AF0B4B}.Release|x64.Build.0 = Release|Any CPU
		{DB75EC97-70A8-45A2-A74F-906194AF0B4B}.Release|x86.ActiveCfg = Release|Any CPU
		{DB75EC97-70A8-45A2-A74F-906194AF0B4B}.Release|x86.Build.0 = Release|Any CPU
		{DB75EC97-70A8-45A2-A74F-906194AF0B4B}.v4.0-Debug|Any CPU.ActiveCfg = Debug|Any CPU
		{DB75EC97-70A8-45A2-A74F-906194AF0B4B}.v4.0-Debug|Any CPU.Build.0 = Debug|Any CPU
		{DB75EC97-70A8-45A2-A74F-906194AF0B4B}.v4.0-Debug|x64.ActiveCfg = Debug|Any CPU
		{DB75EC97-70A8-45A2-A74F-906194AF0B4B}.v4.0-Debug|x64.Build.0 = Debug|Any CPU
		{DB75EC97-70A8-45A2-A74F-906194AF0B4B}.v4.0-Debug|x86.ActiveCfg = Debug|Any CPU
		{DB75EC97-70A8-45A2-A74F-906194AF0B4B}.v4.0-Debug|x86.Build.0 = Debug|Any CPU
		{DB75EC97-70A8-45A2-A74F-906194AF0B4B}.v4.0-Release|Any CPU.ActiveCfg = Release|Any CPU
		{DB75EC97-70A8-45A2-A74F-906194AF0B4B}.v4.0-Release|Any CPU.Build.0 = Release|Any CPU
		{DB75EC97-70A8-45A2-A74F-906194AF0B4B}.v4.0-Release|x64.ActiveCfg = Release|Any CPU
		{DB75EC97-70A8-45A2-A74F-906194AF0B4B}.v4.0-Release|x64.Build.0 = Release|Any CPU
		{DB75EC97-70A8-45A2-A74F-906194AF0B4B}.v4.0-Release|x86.ActiveCfg = Release|Any CPU
		{DB75EC97-70A8-45A2-A74F-906194AF0B4B}.v4.0-Release|x86.Build.0 = Release|Any CPU
		{84D9C9D8-EF19-45D9-B114-58770829785B}.Debug|Any CPU.ActiveCfg = Debug|Any CPU
		{84D9C9D8-EF19-45D9-B114-58770829785B}.Debug|Any CPU.Build.0 = Debug|Any CPU
		{84D9C9D8-EF19-45D9-B114-58770829785B}.Debug|x64.ActiveCfg = Debug|Any CPU
		{84D9C9D8-EF19-45D9-B114-58770829785B}.Debug|x64.Build.0 = Debug|Any CPU
		{84D9C9D8-EF19-45D9-B114-58770829785B}.Debug|x86.ActiveCfg = Debug|Any CPU
		{84D9C9D8-EF19-45D9-B114-58770829785B}.Debug|x86.Build.0 = Debug|Any CPU
		{84D9C9D8-EF19-45D9-B114-58770829785B}.Release|Any CPU.ActiveCfg = Release|Any CPU
		{84D9C9D8-EF19-45D9-B114-58770829785B}.Release|Any CPU.Build.0 = Release|Any CPU
		{84D9C9D8-EF19-45D9-B114-58770829785B}.Release|x64.ActiveCfg = Release|Any CPU
		{84D9C9D8-EF19-45D9-B114-58770829785B}.Release|x64.Build.0 = Release|Any CPU
		{84D9C9D8-EF19-45D9-B114-58770829785B}.Release|x86.ActiveCfg = Release|Any CPU
		{84D9C9D8-EF19-45D9-B114-58770829785B}.Release|x86.Build.0 = Release|Any CPU
		{84D9C9D8-EF19-45D9-B114-58770829785B}.v4.0-Debug|Any CPU.ActiveCfg = Debug|Any CPU
		{84D9C9D8-EF19-45D9-B114-58770829785B}.v4.0-Debug|Any CPU.Build.0 = Debug|Any CPU
		{84D9C9D8-EF19-45D9-B114-58770829785B}.v4.0-Debug|x64.ActiveCfg = Debug|Any CPU
		{84D9C9D8-EF19-45D9-B114-58770829785B}.v4.0-Debug|x64.Build.0 = Debug|Any CPU
		{84D9C9D8-EF19-45D9-B114-58770829785B}.v4.0-Debug|x86.ActiveCfg = Debug|Any CPU
		{84D9C9D8-EF19-45D9-B114-58770829785B}.v4.0-Debug|x86.Build.0 = Debug|Any CPU
		{84D9C9D8-EF19-45D9-B114-58770829785B}.v4.0-Release|Any CPU.ActiveCfg = Release|Any CPU
		{84D9C9D8-EF19-45D9-B114-58770829785B}.v4.0-Release|Any CPU.Build.0 = Release|Any CPU
		{84D9C9D8-EF19-45D9-B114-58770829785B}.v4.0-Release|x64.ActiveCfg = Release|Any CPU
		{84D9C9D8-EF19-45D9-B114-58770829785B}.v4.0-Release|x64.Build.0 = Release|Any CPU
		{84D9C9D8-EF19-45D9-B114-58770829785B}.v4.0-Release|x86.ActiveCfg = Release|Any CPU
		{84D9C9D8-EF19-45D9-B114-58770829785B}.v4.0-Release|x86.Build.0 = Release|Any CPU
		{E267628F-FFF2-4547-AAEC-BDA6A0A85016}.Debug|Any CPU.ActiveCfg = Debug|Any CPU
		{E267628F-FFF2-4547-AAEC-BDA6A0A85016}.Debug|Any CPU.Build.0 = Debug|Any CPU
		{E267628F-FFF2-4547-AAEC-BDA6A0A85016}.Debug|x64.ActiveCfg = Debug|x64
		{E267628F-FFF2-4547-AAEC-BDA6A0A85016}.Debug|x64.Build.0 = Debug|x64
		{E267628F-FFF2-4547-AAEC-BDA6A0A85016}.Debug|x86.ActiveCfg = Debug|Any CPU
		{E267628F-FFF2-4547-AAEC-BDA6A0A85016}.Debug|x86.Build.0 = Debug|Any CPU
		{E267628F-FFF2-4547-AAEC-BDA6A0A85016}.Release|Any CPU.ActiveCfg = Release|Any CPU
		{E267628F-FFF2-4547-AAEC-BDA6A0A85016}.Release|Any CPU.Build.0 = Release|Any CPU
		{E267628F-FFF2-4547-AAEC-BDA6A0A85016}.Release|x64.ActiveCfg = Release|x64
		{E267628F-FFF2-4547-AAEC-BDA6A0A85016}.Release|x64.Build.0 = Release|x64
		{E267628F-FFF2-4547-AAEC-BDA6A0A85016}.Release|x86.ActiveCfg = Release|Any CPU
		{E267628F-FFF2-4547-AAEC-BDA6A0A85016}.Release|x86.Build.0 = Release|Any CPU
		{E267628F-FFF2-4547-AAEC-BDA6A0A85016}.v4.0-Debug|Any CPU.ActiveCfg = Debug|Any CPU
		{E267628F-FFF2-4547-AAEC-BDA6A0A85016}.v4.0-Debug|Any CPU.Build.0 = Debug|Any CPU
		{E267628F-FFF2-4547-AAEC-BDA6A0A85016}.v4.0-Debug|x64.ActiveCfg = Debug|x64
		{E267628F-FFF2-4547-AAEC-BDA6A0A85016}.v4.0-Debug|x64.Build.0 = Debug|x64
		{E267628F-FFF2-4547-AAEC-BDA6A0A85016}.v4.0-Debug|x86.ActiveCfg = Debug|Any CPU
		{E267628F-FFF2-4547-AAEC-BDA6A0A85016}.v4.0-Debug|x86.Build.0 = Debug|Any CPU
		{E267628F-FFF2-4547-AAEC-BDA6A0A85016}.v4.0-Release|Any CPU.ActiveCfg = Release|Any CPU
		{E267628F-FFF2-4547-AAEC-BDA6A0A85016}.v4.0-Release|Any CPU.Build.0 = Release|Any CPU
		{E267628F-FFF2-4547-AAEC-BDA6A0A85016}.v4.0-Release|x64.ActiveCfg = Release|x64
		{E267628F-FFF2-4547-AAEC-BDA6A0A85016}.v4.0-Release|x64.Build.0 = Release|x64
		{E267628F-FFF2-4547-AAEC-BDA6A0A85016}.v4.0-Release|x86.ActiveCfg = Release|Any CPU
		{E267628F-FFF2-4547-AAEC-BDA6A0A85016}.v4.0-Release|x86.Build.0 = Release|Any CPU
		{9B83BCF9-6835-490D-91BE-2334BC1A548C}.Debug|Any CPU.ActiveCfg = Debug|Any CPU
		{9B83BCF9-6835-490D-91BE-2334BC1A548C}.Debug|Any CPU.Build.0 = Debug|Any CPU
		{9B83BCF9-6835-490D-91BE-2334BC1A548C}.Debug|x64.ActiveCfg = Debug|Any CPU
		{9B83BCF9-6835-490D-91BE-2334BC1A548C}.Debug|x64.Build.0 = Debug|Any CPU
		{9B83BCF9-6835-490D-91BE-2334BC1A548C}.Debug|x86.ActiveCfg = Debug|Any CPU
		{9B83BCF9-6835-490D-91BE-2334BC1A548C}.Debug|x86.Build.0 = Debug|Any CPU
		{9B83BCF9-6835-490D-91BE-2334BC1A548C}.Release|Any CPU.ActiveCfg = Release|Any CPU
		{9B83BCF9-6835-490D-91BE-2334BC1A548C}.Release|Any CPU.Build.0 = Release|Any CPU
		{9B83BCF9-6835-490D-91BE-2334BC1A548C}.Release|x64.ActiveCfg = Release|Any CPU
		{9B83BCF9-6835-490D-91BE-2334BC1A548C}.Release|x64.Build.0 = Release|Any CPU
		{9B83BCF9-6835-490D-91BE-2334BC1A548C}.Release|x86.ActiveCfg = Release|Any CPU
		{9B83BCF9-6835-490D-91BE-2334BC1A548C}.Release|x86.Build.0 = Release|Any CPU
		{9B83BCF9-6835-490D-91BE-2334BC1A548C}.v4.0-Debug|Any CPU.ActiveCfg = Debug|Any CPU
		{9B83BCF9-6835-490D-91BE-2334BC1A548C}.v4.0-Debug|Any CPU.Build.0 = Debug|Any CPU
		{9B83BCF9-6835-490D-91BE-2334BC1A548C}.v4.0-Debug|x64.ActiveCfg = Debug|Any CPU
		{9B83BCF9-6835-490D-91BE-2334BC1A548C}.v4.0-Debug|x64.Build.0 = Debug|Any CPU
		{9B83BCF9-6835-490D-91BE-2334BC1A548C}.v4.0-Debug|x86.ActiveCfg = Debug|Any CPU
		{9B83BCF9-6835-490D-91BE-2334BC1A548C}.v4.0-Debug|x86.Build.0 = Debug|Any CPU
		{9B83BCF9-6835-490D-91BE-2334BC1A548C}.v4.0-Release|Any CPU.ActiveCfg = Release|Any CPU
		{9B83BCF9-6835-490D-91BE-2334BC1A548C}.v4.0-Release|Any CPU.Build.0 = Release|Any CPU
		{9B83BCF9-6835-490D-91BE-2334BC1A548C}.v4.0-Release|x64.ActiveCfg = Release|Any CPU
		{9B83BCF9-6835-490D-91BE-2334BC1A548C}.v4.0-Release|x64.Build.0 = Release|Any CPU
		{9B83BCF9-6835-490D-91BE-2334BC1A548C}.v4.0-Release|x86.ActiveCfg = Release|Any CPU
		{9B83BCF9-6835-490D-91BE-2334BC1A548C}.v4.0-Release|x86.Build.0 = Release|Any CPU
		{FE16496B-E16E-42DC-9044-D216BB9A1D6D}.Debug|Any CPU.ActiveCfg = Debug
		{FE16496B-E16E-42DC-9044-D216BB9A1D6D}.Debug|x64.ActiveCfg = Debug
		{FE16496B-E16E-42DC-9044-D216BB9A1D6D}.Debug|x86.ActiveCfg = Debug
		{FE16496B-E16E-42DC-9044-D216BB9A1D6D}.Release|Any CPU.ActiveCfg = Release
		{FE16496B-E16E-42DC-9044-D216BB9A1D6D}.Release|x64.ActiveCfg = Release
		{FE16496B-E16E-42DC-9044-D216BB9A1D6D}.Release|x86.ActiveCfg = Release
		{FE16496B-E16E-42DC-9044-D216BB9A1D6D}.v4.0-Debug|Any CPU.ActiveCfg = Debug
		{FE16496B-E16E-42DC-9044-D216BB9A1D6D}.v4.0-Debug|x64.ActiveCfg = Debug
		{FE16496B-E16E-42DC-9044-D216BB9A1D6D}.v4.0-Debug|x86.ActiveCfg = Debug
		{FE16496B-E16E-42DC-9044-D216BB9A1D6D}.v4.0-Release|Any CPU.ActiveCfg = Release
		{FE16496B-E16E-42DC-9044-D216BB9A1D6D}.v4.0-Release|x64.ActiveCfg = Release
		{FE16496B-E16E-42DC-9044-D216BB9A1D6D}.v4.0-Release|x86.ActiveCfg = Release
		{F9593854-6AA8-4321-8F8B-E5A749851E05}.Debug|Any CPU.ActiveCfg = Debug|Any CPU
		{F9593854-6AA8-4321-8F8B-E5A749851E05}.Debug|Any CPU.Build.0 = Debug|Any CPU
		{F9593854-6AA8-4321-8F8B-E5A749851E05}.Debug|x64.ActiveCfg = Debug|Any CPU
		{F9593854-6AA8-4321-8F8B-E5A749851E05}.Debug|x64.Build.0 = Debug|Any CPU
		{F9593854-6AA8-4321-8F8B-E5A749851E05}.Debug|x86.ActiveCfg = Debug|Any CPU
		{F9593854-6AA8-4321-8F8B-E5A749851E05}.Debug|x86.Build.0 = Debug|Any CPU
		{F9593854-6AA8-4321-8F8B-E5A749851E05}.Release|Any CPU.ActiveCfg = Release|Any CPU
		{F9593854-6AA8-4321-8F8B-E5A749851E05}.Release|Any CPU.Build.0 = Release|Any CPU
		{F9593854-6AA8-4321-8F8B-E5A749851E05}.Release|x64.ActiveCfg = Release|Any CPU
		{F9593854-6AA8-4321-8F8B-E5A749851E05}.Release|x64.Build.0 = Release|Any CPU
		{F9593854-6AA8-4321-8F8B-E5A749851E05}.Release|x86.ActiveCfg = Release|Any CPU
		{F9593854-6AA8-4321-8F8B-E5A749851E05}.Release|x86.Build.0 = Release|Any CPU
		{F9593854-6AA8-4321-8F8B-E5A749851E05}.v4.0-Debug|Any CPU.ActiveCfg = Debug|Any CPU
		{F9593854-6AA8-4321-8F8B-E5A749851E05}.v4.0-Debug|Any CPU.Build.0 = Debug|Any CPU
		{F9593854-6AA8-4321-8F8B-E5A749851E05}.v4.0-Debug|x64.ActiveCfg = Debug|Any CPU
		{F9593854-6AA8-4321-8F8B-E5A749851E05}.v4.0-Debug|x64.Build.0 = Debug|Any CPU
		{F9593854-6AA8-4321-8F8B-E5A749851E05}.v4.0-Debug|x86.ActiveCfg = Debug|Any CPU
		{F9593854-6AA8-4321-8F8B-E5A749851E05}.v4.0-Debug|x86.Build.0 = Debug|Any CPU
		{F9593854-6AA8-4321-8F8B-E5A749851E05}.v4.0-Release|Any CPU.ActiveCfg = Release|Any CPU
		{F9593854-6AA8-4321-8F8B-E5A749851E05}.v4.0-Release|Any CPU.Build.0 = Release|Any CPU
		{F9593854-6AA8-4321-8F8B-E5A749851E05}.v4.0-Release|x64.ActiveCfg = Release|Any CPU
		{F9593854-6AA8-4321-8F8B-E5A749851E05}.v4.0-Release|x64.Build.0 = Release|Any CPU
		{F9593854-6AA8-4321-8F8B-E5A749851E05}.v4.0-Release|x86.ActiveCfg = Release|Any CPU
		{F9593854-6AA8-4321-8F8B-E5A749851E05}.v4.0-Release|x86.Build.0 = Release|Any CPU
	EndGlobalSection
	GlobalSection(SolutionProperties) = preSolution
		HideSolutionNode = FALSE
	EndGlobalSection
	GlobalSection(NestedProjects) = preSolution
		{D0C39D9D-BED0-418B-9A5E-713176CAF40C} = {91226E3D-C638-49F1-A465-46FB6C164931}
		{644FE7D4-0184-400F-B2D7-99CB41360658} = {91226E3D-C638-49F1-A465-46FB6C164931}
		{E06DEF77-F933-42FB-AFD7-DB2D0D8D6A98} = {91226E3D-C638-49F1-A465-46FB6C164931}
	EndGlobalSection
	GlobalSection(ExtensibilityGlobals) = postSolution
		SolutionGuid = {E760329D-E20F-48DE-B6E7-66E05E86B8C1}
	EndGlobalSection
EndGlobal
